
Microsoft Visual Studio Solution File, Format Version 12.00
# Visual Studio 15
VisualStudioVersion = 15.0.28307.779
MinimumVisualStudioVersion = 10.0.40219.1
Project("{FAE04EC0-301F-11D3-BF4B-00C04F79EFBC}") = "SeniorCare.Android", "SeniorCare\SeniorCare.Android\SeniorCare.Android.csproj", "{87AB2AA8-87CF-4E0D-A807-1B1F6B03440F}"
EndProject
Project("{FAE04EC0-301F-11D3-BF4B-00C04F79EFBC}") = "SeniorCare.iOS", "SeniorCare\SeniorCare.iOS\SeniorCare.iOS.csproj", "{6AD212FE-6764-40CC-851D-FB04E0CAC285}"
EndProject
Project("{9A19103F-16F7-4668-BE54-9A1E7A4F7556}") = "SeniorCare", "SeniorCare\SeniorCare\SeniorCare.csproj", "{57B3AE21-9775-480F-8B58-28691D67FA8A}"
EndProject
Project("{2150E333-8FDC-42A3-9474-1A3956D46DE8}") = "Infrastructure", "Infrastructure", "{03D0E130-48DE-4E13-8CAE-F0F3B7908C6A}"
EndProject
Project("{9A19103F-16F7-4668-BE54-9A1E7A4F7556}") = "XF.Infrastructure.Core", "XF.Infrastructure.Core\XF.Infrastructure.Core.csproj", "{87B1B776-AE7E-496E-A4AD-BE06F2A84A07}"
EndProject
Project("{FAE04EC0-301F-11D3-BF4B-00C04F79EFBC}") = "XF.Infrastructure.Core.Droid", "XF.Infrastructure.Core.Droid\XF.Infrastructure.Core.Droid.csproj", "{329EAD18-DE34-4995-9CD5-70B5057EAA50}"
EndProject
Project("{FAE04EC0-301F-11D3-BF4B-00C04F79EFBC}") = "XF.Infrastructure.Core.iOS", "XF.Infrastructure.Core.iOS\XF.Infrastructure.Core.iOS.csproj", "{E71F3053-056C-4381-9638-048ED73BDFF6}"
EndProject
Project("{2150E333-8FDC-42A3-9474-1A3956D46DE8}") = "Services", "Services", "{92632D22-3137-49A6-B69B-56888DE8A65D}"
EndProject
Project("{2150E333-8FDC-42A3-9474-1A3956D46DE8}") = "Ioc", "Ioc", "{69563B56-772C-476E-9E22-662ADD11BC1A}"
EndProject
Project("{FAE04EC0-301F-11D3-BF4B-00C04F79EFBC}") = "Niko.IoC", "Niko.IoC\Niko.IoC.csproj", "{D86DF88F-5CA2-441A-8608-D25DE6F833DB}"
EndProject
Project("{FAE04EC0-301F-11D3-BF4B-00C04F79EFBC}") = "ServiceModule", "ServiceModule\ServiceModule.csproj", "{952A2DF1-FF59-4283-B706-D8F5B896E196}"
EndProject
Global
	GlobalSection(SolutionConfigurationPlatforms) = preSolution
		Ad-Hoc|Any CPU = Ad-Hoc|Any CPU
		Ad-Hoc|iPhone = Ad-Hoc|iPhone
		Ad-Hoc|iPhoneSimulator = Ad-Hoc|iPhoneSimulator
		AppStore|Any CPU = AppStore|Any CPU
		AppStore|iPhone = AppStore|iPhone
		AppStore|iPhoneSimulator = AppStore|iPhoneSimulator
		Debug|Any CPU = Debug|Any CPU
		Debug|iPhone = Debug|iPhone
		Debug|iPhoneSimulator = Debug|iPhoneSimulator
		Release|Any CPU = Release|Any CPU
		Release|iPhone = Release|iPhone
		Release|iPhoneSimulator = Release|iPhoneSimulator
	EndGlobalSection
	GlobalSection(ProjectConfigurationPlatforms) = postSolution
		{87AB2AA8-87CF-4E0D-A807-1B1F6B03440F}.Ad-Hoc|Any CPU.ActiveCfg = Release|Any CPU
		{87AB2AA8-87CF-4E0D-A807-1B1F6B03440F}.Ad-Hoc|Any CPU.Build.0 = Release|Any CPU
		{87AB2AA8-87CF-4E0D-A807-1B1F6B03440F}.Ad-Hoc|Any CPU.Deploy.0 = Release|Any CPU
		{87AB2AA8-87CF-4E0D-A807-1B1F6B03440F}.Ad-Hoc|iPhone.ActiveCfg = Release|Any CPU
		{87AB2AA8-87CF-4E0D-A807-1B1F6B03440F}.Ad-Hoc|iPhone.Build.0 = Release|Any CPU
		{87AB2AA8-87CF-4E0D-A807-1B1F6B03440F}.Ad-Hoc|iPhone.Deploy.0 = Release|Any CPU
		{87AB2AA8-87CF-4E0D-A807-1B1F6B03440F}.Ad-Hoc|iPhoneSimulator.ActiveCfg = Release|Any CPU
		{87AB2AA8-87CF-4E0D-A807-1B1F6B03440F}.Ad-Hoc|iPhoneSimulator.Build.0 = Release|Any CPU
		{87AB2AA8-87CF-4E0D-A807-1B1F6B03440F}.Ad-Hoc|iPhoneSimulator.Deploy.0 = Release|Any CPU
		{87AB2AA8-87CF-4E0D-A807-1B1F6B03440F}.AppStore|Any CPU.ActiveCfg = Release|Any CPU
		{87AB2AA8-87CF-4E0D-A807-1B1F6B03440F}.AppStore|Any CPU.Build.0 = Release|Any CPU
		{87AB2AA8-87CF-4E0D-A807-1B1F6B03440F}.AppStore|Any CPU.Deploy.0 = Release|Any CPU
		{87AB2AA8-87CF-4E0D-A807-1B1F6B03440F}.AppStore|iPhone.ActiveCfg = Release|Any CPU
		{87AB2AA8-87CF-4E0D-A807-1B1F6B03440F}.AppStore|iPhone.Build.0 = Release|Any CPU
		{87AB2AA8-87CF-4E0D-A807-1B1F6B03440F}.AppStore|iPhone.Deploy.0 = Release|Any CPU
		{87AB2AA8-87CF-4E0D-A807-1B1F6B03440F}.AppStore|iPhoneSimulator.ActiveCfg = Release|Any CPU
		{87AB2AA8-87CF-4E0D-A807-1B1F6B03440F}.AppStore|iPhoneSimulator.Build.0 = Release|Any CPU
		{87AB2AA8-87CF-4E0D-A807-1B1F6B03440F}.AppStore|iPhoneSimulator.Deploy.0 = Release|Any CPU
		{87AB2AA8-87CF-4E0D-A807-1B1F6B03440F}.Debug|Any CPU.ActiveCfg = Debug|Any CPU
		{87AB2AA8-87CF-4E0D-A807-1B1F6B03440F}.Debug|Any CPU.Build.0 = Debug|Any CPU
		{87AB2AA8-87CF-4E0D-A807-1B1F6B03440F}.Debug|Any CPU.Deploy.0 = Debug|Any CPU
		{87AB2AA8-87CF-4E0D-A807-1B1F6B03440F}.Debug|iPhone.ActiveCfg = Debug|Any CPU
		{87AB2AA8-87CF-4E0D-A807-1B1F6B03440F}.Debug|iPhone.Build.0 = Debug|Any CPU
		{87AB2AA8-87CF-4E0D-A807-1B1F6B03440F}.Debug|iPhone.Deploy.0 = Debug|Any CPU
		{87AB2AA8-87CF-4E0D-A807-1B1F6B03440F}.Debug|iPhoneSimulator.ActiveCfg = Debug|Any CPU
		{87AB2AA8-87CF-4E0D-A807-1B1F6B03440F}.Debug|iPhoneSimulator.Build.0 = Debug|Any CPU
		{87AB2AA8-87CF-4E0D-A807-1B1F6B03440F}.Debug|iPhoneSimulator.Deploy.0 = Debug|Any CPU
		{87AB2AA8-87CF-4E0D-A807-1B1F6B03440F}.Release|Any CPU.ActiveCfg = Release|Any CPU
		{87AB2AA8-87CF-4E0D-A807-1B1F6B03440F}.Release|Any CPU.Build.0 = Release|Any CPU
		{87AB2AA8-87CF-4E0D-A807-1B1F6B03440F}.Release|Any CPU.Deploy.0 = Release|Any CPU
		{87AB2AA8-87CF-4E0D-A807-1B1F6B03440F}.Release|iPhone.ActiveCfg = Release|Any CPU
		{87AB2AA8-87CF-4E0D-A807-1B1F6B03440F}.Release|iPhone.Build.0 = Release|Any CPU
		{87AB2AA8-87CF-4E0D-A807-1B1F6B03440F}.Release|iPhone.Deploy.0 = Release|Any CPU
		{87AB2AA8-87CF-4E0D-A807-1B1F6B03440F}.Release|iPhoneSimulator.ActiveCfg = Release|Any CPU
		{87AB2AA8-87CF-4E0D-A807-1B1F6B03440F}.Release|iPhoneSimulator.Build.0 = Release|Any CPU
		{87AB2AA8-87CF-4E0D-A807-1B1F6B03440F}.Release|iPhoneSimulator.Deploy.0 = Release|Any CPU
		{6AD212FE-6764-40CC-851D-FB04E0CAC285}.Ad-Hoc|Any CPU.ActiveCfg = Ad-Hoc|iPhone
		{6AD212FE-6764-40CC-851D-FB04E0CAC285}.Ad-Hoc|Any CPU.Build.0 = Ad-Hoc|iPhone
		{6AD212FE-6764-40CC-851D-FB04E0CAC285}.Ad-Hoc|Any CPU.Deploy.0 = Ad-Hoc|iPhone
		{6AD212FE-6764-40CC-851D-FB04E0CAC285}.Ad-Hoc|iPhone.ActiveCfg = Ad-Hoc|iPhone
		{6AD212FE-6764-40CC-851D-FB04E0CAC285}.Ad-Hoc|iPhone.Build.0 = Ad-Hoc|iPhone
		{6AD212FE-6764-40CC-851D-FB04E0CAC285}.Ad-Hoc|iPhone.Deploy.0 = Ad-Hoc|iPhone
		{6AD212FE-6764-40CC-851D-FB04E0CAC285}.Ad-Hoc|iPhoneSimulator.ActiveCfg = Ad-Hoc|iPhoneSimulator
		{6AD212FE-6764-40CC-851D-FB04E0CAC285}.Ad-Hoc|iPhoneSimulator.Build.0 = Ad-Hoc|iPhoneSimulator
		{6AD212FE-6764-40CC-851D-FB04E0CAC285}.Ad-Hoc|iPhoneSimulator.Deploy.0 = Ad-Hoc|iPhoneSimulator
		{6AD212FE-6764-40CC-851D-FB04E0CAC285}.AppStore|Any CPU.ActiveCfg = AppStore|iPhone
		{6AD212FE-6764-40CC-851D-FB04E0CAC285}.AppStore|Any CPU.Build.0 = AppStore|iPhone
		{6AD212FE-6764-40CC-851D-FB04E0CAC285}.AppStore|Any CPU.Deploy.0 = AppStore|iPhone
		{6AD212FE-6764-40CC-851D-FB04E0CAC285}.AppStore|iPhone.ActiveCfg = AppStore|iPhone
		{6AD212FE-6764-40CC-851D-FB04E0CAC285}.AppStore|iPhone.Build.0 = AppStore|iPhone
		{6AD212FE-6764-40CC-851D-FB04E0CAC285}.AppStore|iPhone.Deploy.0 = AppStore|iPhone
		{6AD212FE-6764-40CC-851D-FB04E0CAC285}.AppStore|iPhoneSimulator.ActiveCfg = AppStore|iPhoneSimulator
		{6AD212FE-6764-40CC-851D-FB04E0CAC285}.AppStore|iPhoneSimulator.Build.0 = AppStore|iPhoneSimulator
		{6AD212FE-6764-40CC-851D-FB04E0CAC285}.AppStore|iPhoneSimulator.Deploy.0 = AppStore|iPhoneSimulator
		{6AD212FE-6764-40CC-851D-FB04E0CAC285}.Debug|Any CPU.ActiveCfg = Debug|iPhoneSimulator
		{6AD212FE-6764-40CC-851D-FB04E0CAC285}.Debug|Any CPU.Build.0 = Debug|iPhoneSimulator
		{6AD212FE-6764-40CC-851D-FB04E0CAC285}.Debug|Any CPU.Deploy.0 = Debug|iPhoneSimulator
		{6AD212FE-6764-40CC-851D-FB04E0CAC285}.Debug|iPhone.ActiveCfg = Debug|iPhone
		{6AD212FE-6764-40CC-851D-FB04E0CAC285}.Debug|iPhone.Build.0 = Debug|iPhone
		{6AD212FE-6764-40CC-851D-FB04E0CAC285}.Debug|iPhone.Deploy.0 = Debug|iPhone
		{6AD212FE-6764-40CC-851D-FB04E0CAC285}.Debug|iPhoneSimulator.ActiveCfg = Debug|iPhoneSimulator
		{6AD212FE-6764-40CC-851D-FB04E0CAC285}.Debug|iPhoneSimulator.Build.0 = Debug|iPhoneSimulator
		{6AD212FE-6764-40CC-851D-FB04E0CAC285}.Debug|iPhoneSimulator.Deploy.0 = Debug|iPhoneSimulator
		{6AD212FE-6764-40CC-851D-FB04E0CAC285}.Release|Any CPU.ActiveCfg = Release|iPhone
		{6AD212FE-6764-40CC-851D-FB04E0CAC285}.Release|Any CPU.Build.0 = Release|iPhone
		{6AD212FE-6764-40CC-851D-FB04E0CAC285}.Release|Any CPU.Deploy.0 = Release|iPhone
		{6AD212FE-6764-40CC-851D-FB04E0CAC285}.Release|iPhone.ActiveCfg = Release|iPhone
		{6AD212FE-6764-40CC-851D-FB04E0CAC285}.Release|iPhone.Build.0 = Release|iPhone
		{6AD212FE-6764-40CC-851D-FB04E0CAC285}.Release|iPhone.Deploy.0 = Release|iPhone
		{6AD212FE-6764-40CC-851D-FB04E0CAC285}.Release|iPhoneSimulator.ActiveCfg = Release|iPhoneSimulator
		{6AD212FE-6764-40CC-851D-FB04E0CAC285}.Release|iPhoneSimulator.Build.0 = Release|iPhoneSimulator
		{6AD212FE-6764-40CC-851D-FB04E0CAC285}.Release|iPhoneSimulator.Deploy.0 = Release|iPhoneSimulator
		{57B3AE21-9775-480F-8B58-28691D67FA8A}.Ad-Hoc|Any CPU.ActiveCfg = Debug|Any CPU
		{57B3AE21-9775-480F-8B58-28691D67FA8A}.Ad-Hoc|Any CPU.Build.0 = Debug|Any CPU
		{57B3AE21-9775-480F-8B58-28691D67FA8A}.Ad-Hoc|Any CPU.Deploy.0 = Debug|Any CPU
		{57B3AE21-9775-480F-8B58-28691D67FA8A}.Ad-Hoc|iPhone.ActiveCfg = Debug|Any CPU
		{57B3AE21-9775-480F-8B58-28691D67FA8A}.Ad-Hoc|iPhone.Build.0 = Debug|Any CPU
		{57B3AE21-9775-480F-8B58-28691D67FA8A}.Ad-Hoc|iPhone.Deploy.0 = Debug|Any CPU
		{57B3AE21-9775-480F-8B58-28691D67FA8A}.Ad-Hoc|iPhoneSimulator.ActiveCfg = Debug|Any CPU
		{57B3AE21-9775-480F-8B58-28691D67FA8A}.Ad-Hoc|iPhoneSimulator.Build.0 = Debug|Any CPU
		{57B3AE21-9775-480F-8B58-28691D67FA8A}.Ad-Hoc|iPhoneSimulator.Deploy.0 = Debug|Any CPU
		{57B3AE21-9775-480F-8B58-28691D67FA8A}.AppStore|Any CPU.ActiveCfg = Debug|Any CPU
		{57B3AE21-9775-480F-8B58-28691D67FA8A}.AppStore|Any CPU.Build.0 = Debug|Any CPU
		{57B3AE21-9775-480F-8B58-28691D67FA8A}.AppStore|Any CPU.Deploy.0 = Debug|Any CPU
		{57B3AE21-9775-480F-8B58-28691D67FA8A}.AppStore|iPhone.ActiveCfg = Debug|Any CPU
		{57B3AE21-9775-480F-8B58-28691D67FA8A}.AppStore|iPhone.Build.0 = Debug|Any CPU
		{57B3AE21-9775-480F-8B58-28691D67FA8A}.AppStore|iPhone.Deploy.0 = Debug|Any CPU
		{57B3AE21-9775-480F-8B58-28691D67FA8A}.AppStore|iPhoneSimulator.ActiveCfg = Debug|Any CPU
		{57B3AE21-9775-480F-8B58-28691D67FA8A}.AppStore|iPhoneSimulator.Build.0 = Debug|Any CPU
		{57B3AE21-9775-480F-8B58-28691D67FA8A}.AppStore|iPhoneSimulator.Deploy.0 = Debug|Any CPU
		{57B3AE21-9775-480F-8B58-28691D67FA8A}.Debug|Any CPU.ActiveCfg = Debug|Any CPU
		{57B3AE21-9775-480F-8B58-28691D67FA8A}.Debug|Any CPU.Build.0 = Debug|Any CPU
		{57B3AE21-9775-480F-8B58-28691D67FA8A}.Debug|Any CPU.Deploy.0 = Debug|Any CPU
		{57B3AE21-9775-480F-8B58-28691D67FA8A}.Debug|iPhone.ActiveCfg = Debug|Any CPU
		{57B3AE21-9775-480F-8B58-28691D67FA8A}.Debug|iPhone.Build.0 = Debug|Any CPU
		{57B3AE21-9775-480F-8B58-28691D67FA8A}.Debug|iPhone.Deploy.0 = Debug|Any CPU
		{57B3AE21-9775-480F-8B58-28691D67FA8A}.Debug|iPhoneSimulator.ActiveCfg = Debug|Any CPU
		{57B3AE21-9775-480F-8B58-28691D67FA8A}.Debug|iPhoneSimulator.Build.0 = Debug|Any CPU
		{57B3AE21-9775-480F-8B58-28691D67FA8A}.Debug|iPhoneSimulator.Deploy.0 = Debug|Any CPU
		{57B3AE21-9775-480F-8B58-28691D67FA8A}.Release|Any CPU.ActiveCfg = Release|Any CPU
		{57B3AE21-9775-480F-8B58-28691D67FA8A}.Release|Any CPU.Build.0 = Release|Any CPU
		{57B3AE21-9775-480F-8B58-28691D67FA8A}.Release|Any CPU.Deploy.0 = Release|Any CPU
		{57B3AE21-9775-480F-8B58-28691D67FA8A}.Release|iPhone.ActiveCfg = Release|Any CPU
		{57B3AE21-9775-480F-8B58-28691D67FA8A}.Release|iPhone.Build.0 = Release|Any CPU
		{57B3AE21-9775-480F-8B58-28691D67FA8A}.Release|iPhone.Deploy.0 = Release|Any CPU
		{57B3AE21-9775-480F-8B58-28691D67FA8A}.Release|iPhoneSimulator.ActiveCfg = Release|Any CPU
		{57B3AE21-9775-480F-8B58-28691D67FA8A}.Release|iPhoneSimulator.Build.0 = Release|Any CPU
		{57B3AE21-9775-480F-8B58-28691D67FA8A}.Release|iPhoneSimulator.Deploy.0 = Release|Any CPU
		{87B1B776-AE7E-496E-A4AD-BE06F2A84A07}.Ad-Hoc|Any CPU.ActiveCfg = Debug|Any CPU
		{87B1B776-AE7E-496E-A4AD-BE06F2A84A07}.Ad-Hoc|Any CPU.Build.0 = Debug|Any CPU
		{87B1B776-AE7E-496E-A4AD-BE06F2A84A07}.Ad-Hoc|iPhone.ActiveCfg = Debug|Any CPU
		{87B1B776-AE7E-496E-A4AD-BE06F2A84A07}.Ad-Hoc|iPhone.Build.0 = Debug|Any CPU
		{87B1B776-AE7E-496E-A4AD-BE06F2A84A07}.Ad-Hoc|iPhoneSimulator.ActiveCfg = Debug|Any CPU
		{87B1B776-AE7E-496E-A4AD-BE06F2A84A07}.Ad-Hoc|iPhoneSimulator.Build.0 = Debug|Any CPU
		{87B1B776-AE7E-496E-A4AD-BE06F2A84A07}.AppStore|Any CPU.ActiveCfg = Debug|Any CPU
		{87B1B776-AE7E-496E-A4AD-BE06F2A84A07}.AppStore|Any CPU.Build.0 = Debug|Any CPU
		{87B1B776-AE7E-496E-A4AD-BE06F2A84A07}.AppStore|iPhone.ActiveCfg = Debug|Any CPU
		{87B1B776-AE7E-496E-A4AD-BE06F2A84A07}.AppStore|iPhone.Build.0 = Debug|Any CPU
		{87B1B776-AE7E-496E-A4AD-BE06F2A84A07}.AppStore|iPhoneSimulator.ActiveCfg = Debug|Any CPU
		{87B1B776-AE7E-496E-A4AD-BE06F2A84A07}.AppStore|iPhoneSimulator.Build.0 = Debug|Any CPU
		{87B1B776-AE7E-496E-A4AD-BE06F2A84A07}.Debug|Any CPU.ActiveCfg = Debug|Any CPU
		{87B1B776-AE7E-496E-A4AD-BE06F2A84A07}.Debug|Any CPU.Build.0 = Debug|Any CPU
		{87B1B776-AE7E-496E-A4AD-BE06F2A84A07}.Debug|iPhone.ActiveCfg = Debug|Any CPU
		{87B1B776-AE7E-496E-A4AD-BE06F2A84A07}.Debug|iPhone.Build.0 = Debug|Any CPU
		{87B1B776-AE7E-496E-A4AD-BE06F2A84A07}.Debug|iPhoneSimulator.ActiveCfg = Debug|Any CPU
		{87B1B776-AE7E-496E-A4AD-BE06F2A84A07}.Debug|iPhoneSimulator.Build.0 = Debug|Any CPU
		{87B1B776-AE7E-496E-A4AD-BE06F2A84A07}.Release|Any CPU.ActiveCfg = Release|Any CPU
		{87B1B776-AE7E-496E-A4AD-BE06F2A84A07}.Release|Any CPU.Build.0 = Release|Any CPU
		{87B1B776-AE7E-496E-A4AD-BE06F2A84A07}.Release|iPhone.ActiveCfg = Release|Any CPU
		{87B1B776-AE7E-496E-A4AD-BE06F2A84A07}.Release|iPhone.Build.0 = Release|Any CPU
		{87B1B776-AE7E-496E-A4AD-BE06F2A84A07}.Release|iPhoneSimulator.ActiveCfg = Release|Any CPU
		{87B1B776-AE7E-496E-A4AD-BE06F2A84A07}.Release|iPhoneSimulator.Build.0 = Release|Any CPU
		{329EAD18-DE34-4995-9CD5-70B5057EAA50}.Ad-Hoc|Any CPU.ActiveCfg = Release|Any CPU
		{329EAD18-DE34-4995-9CD5-70B5057EAA50}.Ad-Hoc|Any CPU.Build.0 = Release|Any CPU
		{329EAD18-DE34-4995-9CD5-70B5057EAA50}.Ad-Hoc|iPhone.ActiveCfg = Release|Any CPU
		{329EAD18-DE34-4995-9CD5-70B5057EAA50}.Ad-Hoc|iPhone.Build.0 = Release|Any CPU
		{329EAD18-DE34-4995-9CD5-70B5057EAA50}.Ad-Hoc|iPhoneSimulator.ActiveCfg = Release|Any CPU
		{329EAD18-DE34-4995-9CD5-70B5057EAA50}.Ad-Hoc|iPhoneSimulator.Build.0 = Release|Any CPU
		{329EAD18-DE34-4995-9CD5-70B5057EAA50}.AppStore|Any CPU.ActiveCfg = Release|Any CPU
		{329EAD18-DE34-4995-9CD5-70B5057EAA50}.AppStore|Any CPU.Build.0 = Release|Any CPU
		{329EAD18-DE34-4995-9CD5-70B5057EAA50}.AppStore|iPhone.ActiveCfg = Release|Any CPU
		{329EAD18-DE34-4995-9CD5-70B5057EAA50}.AppStore|iPhone.Build.0 = Release|Any CPU
		{329EAD18-DE34-4995-9CD5-70B5057EAA50}.AppStore|iPhoneSimulator.ActiveCfg = Release|Any CPU
		{329EAD18-DE34-4995-9CD5-70B5057EAA50}.AppStore|iPhoneSimulator.Build.0 = Release|Any CPU
		{329EAD18-DE34-4995-9CD5-70B5057EAA50}.Debug|Any CPU.ActiveCfg = Debug|Any CPU
		{329EAD18-DE34-4995-9CD5-70B5057EAA50}.Debug|Any CPU.Build.0 = Debug|Any CPU
		{329EAD18-DE34-4995-9CD5-70B5057EAA50}.Debug|iPhone.ActiveCfg = Debug|Any CPU
		{329EAD18-DE34-4995-9CD5-70B5057EAA50}.Debug|iPhone.Build.0 = Debug|Any CPU
		{329EAD18-DE34-4995-9CD5-70B5057EAA50}.Debug|iPhoneSimulator.ActiveCfg = Debug|Any CPU
		{329EAD18-DE34-4995-9CD5-70B5057EAA50}.Debug|iPhoneSimulator.Build.0 = Debug|Any CPU
		{329EAD18-DE34-4995-9CD5-70B5057EAA50}.Release|Any CPU.ActiveCfg = Release|Any CPU
		{329EAD18-DE34-4995-9CD5-70B5057EAA50}.Release|Any CPU.Build.0 = Release|Any CPU
		{329EAD18-DE34-4995-9CD5-70B5057EAA50}.Release|iPhone.ActiveCfg = Release|Any CPU
		{329EAD18-DE34-4995-9CD5-70B5057EAA50}.Release|iPhone.Build.0 = Release|Any CPU
		{329EAD18-DE34-4995-9CD5-70B5057EAA50}.Release|iPhoneSimulator.ActiveCfg = Release|Any CPU
		{329EAD18-DE34-4995-9CD5-70B5057EAA50}.Release|iPhoneSimulator.Build.0 = Release|Any CPU
		{E71F3053-056C-4381-9638-048ED73BDFF6}.Ad-Hoc|Any CPU.ActiveCfg = Release|Any CPU
		{E71F3053-056C-4381-9638-048ED73BDFF6}.Ad-Hoc|Any CPU.Build.0 = Release|Any CPU
		{E71F3053-056C-4381-9638-048ED73BDFF6}.Ad-Hoc|iPhone.ActiveCfg = Release|Any CPU
		{E71F3053-056C-4381-9638-048ED73BDFF6}.Ad-Hoc|iPhone.Build.0 = Release|Any CPU
		{E71F3053-056C-4381-9638-048ED73BDFF6}.Ad-Hoc|iPhoneSimulator.ActiveCfg = Release|Any CPU
		{E71F3053-056C-4381-9638-048ED73BDFF6}.Ad-Hoc|iPhoneSimulator.Build.0 = Release|Any CPU
		{E71F3053-056C-4381-9638-048ED73BDFF6}.AppStore|Any CPU.ActiveCfg = Release|Any CPU
		{E71F3053-056C-4381-9638-048ED73BDFF6}.AppStore|Any CPU.Build.0 = Release|Any CPU
		{E71F3053-056C-4381-9638-048ED73BDFF6}.AppStore|iPhone.ActiveCfg = Release|Any CPU
		{E71F3053-056C-4381-9638-048ED73BDFF6}.AppStore|iPhone.Build.0 = Release|Any CPU
		{E71F3053-056C-4381-9638-048ED73BDFF6}.AppStore|iPhoneSimulator.ActiveCfg = Release|Any CPU
		{E71F3053-056C-4381-9638-048ED73BDFF6}.AppStore|iPhoneSimulator.Build.0 = Release|Any CPU
		{E71F3053-056C-4381-9638-048ED73BDFF6}.Debug|Any CPU.ActiveCfg = Debug|Any CPU
		{E71F3053-056C-4381-9638-048ED73BDFF6}.Debug|Any CPU.Build.0 = Debug|Any CPU
		{E71F3053-056C-4381-9638-048ED73BDFF6}.Debug|iPhone.ActiveCfg = Debug|Any CPU
		{E71F3053-056C-4381-9638-048ED73BDFF6}.Debug|iPhone.Build.0 = Debug|Any CPU
		{E71F3053-056C-4381-9638-048ED73BDFF6}.Debug|iPhoneSimulator.ActiveCfg = Debug|Any CPU
		{E71F3053-056C-4381-9638-048ED73BDFF6}.Debug|iPhoneSimulator.Build.0 = Debug|Any CPU
		{E71F3053-056C-4381-9638-048ED73BDFF6}.Release|Any CPU.ActiveCfg = Release|Any CPU
		{E71F3053-056C-4381-9638-048ED73BDFF6}.Release|Any CPU.Build.0 = Release|Any CPU
		{E71F3053-056C-4381-9638-048ED73BDFF6}.Release|iPhone.ActiveCfg = Release|Any CPU
		{E71F3053-056C-4381-9638-048ED73BDFF6}.Release|iPhone.Build.0 = Release|Any CPU
		{E71F3053-056C-4381-9638-048ED73BDFF6}.Release|iPhoneSimulator.ActiveCfg = Release|Any CPU
		{E71F3053-056C-4381-9638-048ED73BDFF6}.Release|iPhoneSimulator.Build.0 = Release|Any CPU
		{D86DF88F-5CA2-441A-8608-D25DE6F833DB}.Ad-Hoc|Any CPU.ActiveCfg = Release|Any CPU
		{D86DF88F-5CA2-441A-8608-D25DE6F833DB}.Ad-Hoc|Any CPU.Build.0 = Release|Any CPU
		{D86DF88F-5CA2-441A-8608-D25DE6F833DB}.Ad-Hoc|iPhone.ActiveCfg = Release|Any CPU
		{D86DF88F-5CA2-441A-8608-D25DE6F833DB}.Ad-Hoc|iPhone.Build.0 = Release|Any CPU
		{D86DF88F-5CA2-441A-8608-D25DE6F833DB}.Ad-Hoc|iPhoneSimulator.ActiveCfg = Release|Any CPU
		{D86DF88F-5CA2-441A-8608-D25DE6F833DB}.Ad-Hoc|iPhoneSimulator.Build.0 = Release|Any CPU
		{D86DF88F-5CA2-441A-8608-D25DE6F833DB}.AppStore|Any CPU.ActiveCfg = Release|Any CPU
		{D86DF88F-5CA2-441A-8608-D25DE6F833DB}.AppStore|Any CPU.Build.0 = Release|Any CPU
		{D86DF88F-5CA2-441A-8608-D25DE6F833DB}.AppStore|iPhone.ActiveCfg = Release|Any CPU
		{D86DF88F-5CA2-441A-8608-D25DE6F833DB}.AppStore|iPhone.Build.0 = Release|Any CPU
		{D86DF88F-5CA2-441A-8608-D25DE6F833DB}.AppStore|iPhoneSimulator.ActiveCfg = Release|Any CPU
		{D86DF88F-5CA2-441A-8608-D25DE6F833DB}.AppStore|iPhoneSimulator.Build.0 = Release|Any CPU
		{D86DF88F-5CA2-441A-8608-D25DE6F833DB}.Debug|Any CPU.ActiveCfg = Debug|Any CPU
		{D86DF88F-5CA2-441A-8608-D25DE6F833DB}.Debug|Any CPU.Build.0 = Debug|Any CPU
		{D86DF88F-5CA2-441A-8608-D25DE6F833DB}.Debug|iPhone.ActiveCfg = Debug|Any CPU
		{D86DF88F-5CA2-441A-8608-D25DE6F833DB}.Debug|iPhone.Build.0 = Debug|Any CPU
		{D86DF88F-5CA2-441A-8608-D25DE6F833DB}.Debug|iPhoneSimulator.ActiveCfg = Debug|Any CPU
		{D86DF88F-5CA2-441A-8608-D25DE6F833DB}.Debug|iPhoneSimulator.Build.0 = Debug|Any CPU
		{D86DF88F-5CA2-441A-8608-D25DE6F833DB}.Release|Any CPU.ActiveCfg = Release|Any CPU
		{D86DF88F-5CA2-441A-8608-D25DE6F833DB}.Release|Any CPU.Build.0 = Release|Any CPU
		{D86DF88F-5CA2-441A-8608-D25DE6F833DB}.Release|iPhone.ActiveCfg = Release|Any CPU
		{D86DF88F-5CA2-441A-8608-D25DE6F833DB}.Release|iPhone.Build.0 = Release|Any CPU
		{D86DF88F-5CA2-441A-8608-D25DE6F833DB}.Release|iPhoneSimulator.ActiveCfg = Release|Any CPU
		{D86DF88F-5CA2-441A-8608-D25DE6F833DB}.Release|iPhoneSimulator.Build.0 = Release|Any CPU
		{952A2DF1-FF59-4283-B706-D8F5B896E196}.Ad-Hoc|Any CPU.ActiveCfg = Debug|Any CPU
		{952A2DF1-FF59-4283-B706-D8F5B896E196}.Ad-Hoc|Any CPU.Build.0 = Debug|Any CPU
		{952A2DF1-FF59-4283-B706-D8F5B896E196}.Ad-Hoc|iPhone.ActiveCfg = Debug|Any CPU
		{952A2DF1-FF59-4283-B706-D8F5B896E196}.Ad-Hoc|iPhone.Build.0 = Debug|Any CPU
		{952A2DF1-FF59-4283-B706-D8F5B896E196}.Ad-Hoc|iPhoneSimulator.ActiveCfg = Debug|Any CPU
		{952A2DF1-FF59-4283-B706-D8F5B896E196}.Ad-Hoc|iPhoneSimulator.Build.0 = Debug|Any CPU
		{952A2DF1-FF59-4283-B706-D8F5B896E196}.AppStore|Any CPU.ActiveCfg = Debug|Any CPU
		{952A2DF1-FF59-4283-B706-D8F5B896E196}.AppStore|Any CPU.Build.0 = Debug|Any CPU
		{952A2DF1-FF59-4283-B706-D8F5B896E196}.AppStore|iPhone.ActiveCfg = Debug|Any CPU
		{952A2DF1-FF59-4283-B706-D8F5B896E196}.AppStore|iPhone.Build.0 = Debug|Any CPU
		{952A2DF1-FF59-4283-B706-D8F5B896E196}.AppStore|iPhoneSimulator.ActiveCfg = Debug|Any CPU
		{952A2DF1-FF59-4283-B706-D8F5B896E196}.AppStore|iPhoneSimulator.Build.0 = Debug|Any CPU
		{952A2DF1-FF59-4283-B706-D8F5B896E196}.Debug|Any CPU.ActiveCfg = Debug|Any CPU
		{952A2DF1-FF59-4283-B706-D8F5B896E196}.Debug|Any CPU.Build.0 = Debug|Any CPU
		{952A2DF1-FF59-4283-B706-D8F5B896E196}.Debug|iPhone.ActiveCfg = Debug|Any CPU
		{952A2DF1-FF59-4283-B706-D8F5B896E196}.Debug|iPhone.Build.0 = Debug|Any CPU
		{952A2DF1-FF59-4283-B706-D8F5B896E196}.Debug|iPhoneSimulator.ActiveCfg = Debug|Any CPU
		{952A2DF1-FF59-4283-B706-D8F5B896E196}.Debug|iPhoneSimulator.Build.0 = Debug|Any CPU
		{952A2DF1-FF59-4283-B706-D8F5B896E196}.Release|Any CPU.ActiveCfg = Release|Any CPU
		{952A2DF1-FF59-4283-B706-D8F5B896E196}.Release|Any CPU.Build.0 = Release|Any CPU
		{952A2DF1-FF59-4283-B706-D8F5B896E196}.Release|iPhone.ActiveCfg = Release|Any CPU
		{952A2DF1-FF59-4283-B706-D8F5B896E196}.Release|iPhone.Build.0 = Release|Any CPU
		{952A2DF1-FF59-4283-B706-D8F5B896E196}.Release|iPhoneSimulator.ActiveCfg = Release|Any CPU
		{952A2DF1-FF59-4283-B706-D8F5B896E196}.Release|iPhoneSimulator.Build.0 = Release|Any CPU
	EndGlobalSection
	GlobalSection(SolutionProperties) = preSolution
		HideSolutionNode = FALSE
	EndGlobalSection
	GlobalSection(NestedProjects) = preSolution
		{87B1B776-AE7E-496E-A4AD-BE06F2A84A07} = {03D0E130-48DE-4E13-8CAE-F0F3B7908C6A}
		{329EAD18-DE34-4995-9CD5-70B5057EAA50} = {03D0E130-48DE-4E13-8CAE-F0F3B7908C6A}
		{E71F3053-056C-4381-9638-048ED73BDFF6} = {03D0E130-48DE-4E13-8CAE-F0F3B7908C6A}
		{D86DF88F-5CA2-441A-8608-D25DE6F833DB} = {69563B56-772C-476E-9E22-662ADD11BC1A}
		{952A2DF1-FF59-4283-B706-D8F5B896E196} = {92632D22-3137-49A6-B69B-56888DE8A65D}
	EndGlobalSection
	GlobalSection(ExtensibilityGlobals) = postSolution
		SolutionGuid = {CD5AAC3B-6F64-470F-9C61-7D46D1876D2C}
	EndGlobalSection
EndGlobal
